{
  "requires": true,
  "lockfileVersion": 1,
  "dependencies": {
    "@awsomedevs/jokes": {
      "version": "1.0.0",
      "resolved": "https://registry.npmjs.org/@awsomedevs/jokes/-/jokes-1.0.0.tgz",
      "integrity": "sha512-w/+qqKef/KhNXLm3kXd690+eEzxXuNooKtHm6cAiQmWMzbAxVz7S+8swaJ4b9CRGNkOWfhdbqId0yCIy74yHBg=="
    }
  }
}
